
Microsoft Visual Studio Solution File, Format Version 11.00
# Visual Studio 2010
Project("{54435603-DBB4-11D2-8724-00A0C9A8B90C}") = "install-template-mscs", "install-template-mscs\install-template-mscs.vdproj", "{5A4264E1-A82D-4FD9-BAF2-C17CB0D329C8}"
EndProject
Project("{FAE04EC0-301F-11D3-BF4B-00C04F79EFBC}") = "Cocos2d-xna.Wizard", "Cocos2d-xna.Wizard\Cocos2d-xna.Wizard.csproj", "{9BE76709-516E-4579-9E7F-348C3EAC993B}"
EndProject
Project("{FAE04EC0-301F-11D3-BF4B-00C04F79EFBC}") = "Cocos2d-xna.VSIX", "Cocos2d-xna.VSIX\Cocos2d-xna.VSIX.csproj", "{C381A595-F48F-4EDD-B517-A78B9E841F57}"
EndProject
Global
	GlobalSection(SolutionConfigurationPlatforms) = preSolution
		Debug|Any CPU = Debug|Any CPU
		Release|Any CPU = Release|Any CPU
	EndGlobalSection
	GlobalSection(ProjectConfigurationPlatforms) = postSolution
		{5A4264E1-A82D-4FD9-BAF2-C17CB0D329C8}.Debug|Any CPU.ActiveCfg = Debug
		{5A4264E1-A82D-4FD9-BAF2-C17CB0D329C8}.Debug|Any CPU.Build.0 = Debug
		{5A4264E1-A82D-4FD9-BAF2-C17CB0D329C8}.Release|Any CPU.ActiveCfg = Release
		{5A4264E1-A82D-4FD9-BAF2-C17CB0D329C8}.Release|Any CPU.Build.0 = Release
		{9BE76709-516E-4579-9E7F-348C3EAC993B}.Debug|Any CPU.ActiveCfg = Debug|Any CPU
		{9BE76709-516E-4579-9E7F-348C3EAC993B}.Debug|Any CPU.Build.0 = Debug|Any CPU
		{9BE76709-516E-4579-9E7F-348C3EAC993B}.Release|Any CPU.ActiveCfg = Release|Any CPU
		{9BE76709-516E-4579-9E7F-348C3EAC993B}.Release|Any CPU.Build.0 = Release|Any CPU
		{C381A595-F48F-4EDD-B517-A78B9E841F57}.Debug|Any CPU.ActiveCfg = Debug|Any CPU
		{C381A595-F48F-4EDD-B517-A78B9E841F57}.Debug|Any CPU.Build.0 = Debug|Any CPU
		{C381A595-F48F-4EDD-B517-A78B9E841F57}.Release|Any CPU.ActiveCfg = Release|Any CPU
		{C381A595-F48F-4EDD-B517-A78B9E841F57}.Release|Any CPU.Build.0 = Release|Any CPU
	EndGlobalSection
	GlobalSection(SolutionProperties) = preSolution
		HideSolutionNode = FALSE
	EndGlobalSection
EndGlobal
