
Microsoft Visual Studio Solution File, Format Version 11.00
# Visual Studio 2010
Project("{FAE04EC0-301F-11D3-BF4B-00C04F79EFBC}") = "HelloCocos2d", "HelloCocos2d\HelloCocos2d\HelloCocos2d.Android.csproj", "{2076D138-759C-465F-BC67-5BE580C54216}"
EndProject
Project("{FAE04EC0-301F-11D3-BF4B-00C04F79EFBC}") = "cocos2d-xna.Android", "cocos2d-xna\cocos2d-xna.Android.csproj", "{47EE6CE6-493D-4967-944A-5E55B71AA9FD}"
EndProject
Project("{FAE04EC0-301F-11D3-BF4B-00C04F79EFBC}") = "tests.Android", "tests\tests\tests.Android.csproj", "{B7642AB5-22DD-4A5F-BF4C-68F8A3BA8525}"
EndProject
Project("{FAE04EC0-301F-11D3-BF4B-00C04F79EFBC}") = "CocosDenshion.Android", "CocosDenshion\CocosDenshion.Android.csproj", "{F028609A-7A53-4F01-8939-5B823285EC10}"
EndProject
Project("{FAE04EC0-301F-11D3-BF4B-00C04F79EFBC}") = "cocos2d.Framework.Android", "cocos2d.Framework\cocos2d.Framework.Android.csproj", "{CC156337-B4A7-479F-9262-9A708B5E1164}"
EndProject
Global
	GlobalSection(SolutionConfigurationPlatforms) = preSolution
		Debug|Any CPU = Debug|Any CPU
		Debug|Mixed Platforms = Debug|Mixed Platforms
		Debug|x86 = Debug|x86
		Release|Any CPU = Release|Any CPU
		Release|Mixed Platforms = Release|Mixed Platforms
		Release|x86 = Release|x86
	EndGlobalSection
	GlobalSection(ProjectConfigurationPlatforms) = postSolution
		{2076D138-759C-465F-BC67-5BE580C54216}.Debug|Any CPU.ActiveCfg = Debug|Any CPU
		{2076D138-759C-465F-BC67-5BE580C54216}.Debug|Any CPU.Build.0 = Debug|Any CPU
		{2076D138-759C-465F-BC67-5BE580C54216}.Debug|Any CPU.Deploy.0 = Debug|Any CPU
		{2076D138-759C-465F-BC67-5BE580C54216}.Debug|Mixed Platforms.ActiveCfg = Debug|Any CPU
		{2076D138-759C-465F-BC67-5BE580C54216}.Debug|Mixed Platforms.Build.0 = Debug|Any CPU
		{2076D138-759C-465F-BC67-5BE580C54216}.Debug|Mixed Platforms.Deploy.0 = Debug|Any CPU
		{2076D138-759C-465F-BC67-5BE580C54216}.Debug|x86.ActiveCfg = Debug|Any CPU
		{2076D138-759C-465F-BC67-5BE580C54216}.Release|Any CPU.ActiveCfg = Release|Any CPU
		{2076D138-759C-465F-BC67-5BE580C54216}.Release|Any CPU.Build.0 = Release|Any CPU
		{2076D138-759C-465F-BC67-5BE580C54216}.Release|Any CPU.Deploy.0 = Release|Any CPU
		{2076D138-759C-465F-BC67-5BE580C54216}.Release|Mixed Platforms.ActiveCfg = Release|Any CPU
		{2076D138-759C-465F-BC67-5BE580C54216}.Release|Mixed Platforms.Build.0 = Release|Any CPU
		{2076D138-759C-465F-BC67-5BE580C54216}.Release|Mixed Platforms.Deploy.0 = Release|Any CPU
		{2076D138-759C-465F-BC67-5BE580C54216}.Release|x86.ActiveCfg = Release|Any CPU
		{47EE6CE6-493D-4967-944A-5E55B71AA9FD}.Debug|Any CPU.ActiveCfg = Debug|Any CPU
		{47EE6CE6-493D-4967-944A-5E55B71AA9FD}.Debug|Any CPU.Build.0 = Debug|Any CPU
		{47EE6CE6-493D-4967-944A-5E55B71AA9FD}.Debug|Mixed Platforms.ActiveCfg = Debug|Any CPU
		{47EE6CE6-493D-4967-944A-5E55B71AA9FD}.Debug|Mixed Platforms.Build.0 = Debug|Any CPU
		{47EE6CE6-493D-4967-944A-5E55B71AA9FD}.Debug|x86.ActiveCfg = Debug|Any CPU
		{47EE6CE6-493D-4967-944A-5E55B71AA9FD}.Release|Any CPU.ActiveCfg = Release|Any CPU
		{47EE6CE6-493D-4967-944A-5E55B71AA9FD}.Release|Any CPU.Build.0 = Release|Any CPU
		{47EE6CE6-493D-4967-944A-5E55B71AA9FD}.Release|Mixed Platforms.ActiveCfg = Release|Any CPU
		{47EE6CE6-493D-4967-944A-5E55B71AA9FD}.Release|Mixed Platforms.Build.0 = Release|Any CPU
		{47EE6CE6-493D-4967-944A-5E55B71AA9FD}.Release|x86.ActiveCfg = Release|Any CPU
		{B7642AB5-22DD-4A5F-BF4C-68F8A3BA8525}.Debug|Any CPU.ActiveCfg = Debug|Any CPU
		{B7642AB5-22DD-4A5F-BF4C-68F8A3BA8525}.Debug|Any CPU.Build.0 = Debug|Any CPU
		{B7642AB5-22DD-4A5F-BF4C-68F8A3BA8525}.Debug|Any CPU.Deploy.0 = Debug|Any CPU
		{B7642AB5-22DD-4A5F-BF4C-68F8A3BA8525}.Debug|Mixed Platforms.ActiveCfg = Debug|Any CPU
		{B7642AB5-22DD-4A5F-BF4C-68F8A3BA8525}.Debug|Mixed Platforms.Build.0 = Debug|Any CPU
		{B7642AB5-22DD-4A5F-BF4C-68F8A3BA8525}.Debug|Mixed Platforms.Deploy.0 = Debug|Any CPU
		{B7642AB5-22DD-4A5F-BF4C-68F8A3BA8525}.Debug|x86.ActiveCfg = Debug|Any CPU
		{B7642AB5-22DD-4A5F-BF4C-68F8A3BA8525}.Release|Any CPU.ActiveCfg = Release|Any CPU
		{B7642AB5-22DD-4A5F-BF4C-68F8A3BA8525}.Release|Any CPU.Build.0 = Release|Any CPU
		{B7642AB5-22DD-4A5F-BF4C-68F8A3BA8525}.Release|Any CPU.Deploy.0 = Release|Any CPU
		{B7642AB5-22DD-4A5F-BF4C-68F8A3BA8525}.Release|Mixed Platforms.ActiveCfg = Release|Any CPU
		{B7642AB5-22DD-4A5F-BF4C-68F8A3BA8525}.Release|Mixed Platforms.Build.0 = Release|Any CPU
		{B7642AB5-22DD-4A5F-BF4C-68F8A3BA8525}.Release|Mixed Platforms.Deploy.0 = Release|Any CPU
		{B7642AB5-22DD-4A5F-BF4C-68F8A3BA8525}.Release|x86.ActiveCfg = Release|Any CPU
		{F028609A-7A53-4F01-8939-5B823285EC10}.Debug|Any CPU.ActiveCfg = Debug|Any CPU
		{F028609A-7A53-4F01-8939-5B823285EC10}.Debug|Any CPU.Build.0 = Debug|Any CPU
		{F028609A-7A53-4F01-8939-5B823285EC10}.Debug|Mixed Platforms.ActiveCfg = Debug|Any CPU
		{F028609A-7A53-4F01-8939-5B823285EC10}.Debug|Mixed Platforms.Build.0 = Debug|Any CPU
		{F028609A-7A53-4F01-8939-5B823285EC10}.Debug|x86.ActiveCfg = Debug|Any CPU
		{F028609A-7A53-4F01-8939-5B823285EC10}.Release|Any CPU.ActiveCfg = Release|Any CPU
		{F028609A-7A53-4F01-8939-5B823285EC10}.Release|Any CPU.Build.0 = Release|Any CPU
		{F028609A-7A53-4F01-8939-5B823285EC10}.Release|Mixed Platforms.ActiveCfg = Release|Any CPU
		{F028609A-7A53-4F01-8939-5B823285EC10}.Release|Mixed Platforms.Build.0 = Release|Any CPU
		{F028609A-7A53-4F01-8939-5B823285EC10}.Release|x86.ActiveCfg = Release|Any CPU
		{CC156337-B4A7-479F-9262-9A708B5E1164}.Debug|Any CPU.ActiveCfg = Debug|Any CPU
		{CC156337-B4A7-479F-9262-9A708B5E1164}.Debug|Any CPU.Build.0 = Debug|Any CPU
		{CC156337-B4A7-479F-9262-9A708B5E1164}.Debug|Mixed Platforms.ActiveCfg = Debug|Any CPU
		{CC156337-B4A7-479F-9262-9A708B5E1164}.Debug|Mixed Platforms.Build.0 = Debug|Any CPU
		{CC156337-B4A7-479F-9262-9A708B5E1164}.Debug|x86.ActiveCfg = Debug|Any CPU
		{CC156337-B4A7-479F-9262-9A708B5E1164}.Release|Any CPU.ActiveCfg = Release|Any CPU
		{CC156337-B4A7-479F-9262-9A708B5E1164}.Release|Any CPU.Build.0 = Release|Any CPU
		{CC156337-B4A7-479F-9262-9A708B5E1164}.Release|Mixed Platforms.ActiveCfg = Release|Any CPU
		{CC156337-B4A7-479F-9262-9A708B5E1164}.Release|Mixed Platforms.Build.0 = Release|Any CPU
		{CC156337-B4A7-479F-9262-9A708B5E1164}.Release|x86.ActiveCfg = Release|Any CPU
	EndGlobalSection
	GlobalSection(SolutionProperties) = preSolution
		HideSolutionNode = FALSE
	EndGlobalSection
EndGlobal
