
Microsoft Visual Studio Solution File, Format Version 11.00
# Visual Studio 2010
Project("{FAE04EC0-301F-11D3-BF4B-00C04F79EFBC}") = "HelloCocos2d", "HelloCocos2d\HelloCocos2d\HelloCocos2d.csproj", "{2076D138-759C-465F-BC67-5BE580C54216}"
EndProject
Project("{FAE04EC0-301F-11D3-BF4B-00C04F79EFBC}") = "HelloCocos2dContent", "HelloCocos2d\HelloCocos2dContent\HelloCocos2dContent.contentproj", "{567D3909-77EC-4AE3-93E8-E63CDBE1BC22}"
EndProject
Project("{FAE04EC0-301F-11D3-BF4B-00C04F79EFBC}") = "cocos2d-xna", "cocos2d-xna\cocos2d-xna.csproj", "{47EE6CE6-493D-4967-944A-5E55B71AA9FD}"
EndProject
Project("{FAE04EC0-301F-11D3-BF4B-00C04F79EFBC}") = "tests", "tests\tests\tests.csproj", "{B7642AB5-22DD-4A5F-BF4C-68F8A3BA8525}"
EndProject
Project("{FAE04EC0-301F-11D3-BF4B-00C04F79EFBC}") = "testsContent", "tests\testsContent\testsContent.contentproj", "{2CE0B38F-5C9C-4088-8FEC-D3B58EE48E35}"
EndProject
Project("{FAE04EC0-301F-11D3-BF4B-00C04F79EFBC}") = "CocosDenshion", "CocosDenshion\CocosDenshion.csproj", "{F028609A-7A53-4F01-8939-5B823285EC10}"
EndProject
Project("{FAE04EC0-301F-11D3-BF4B-00C04F79EFBC}") = "cocos2d.Framework", "cocos2d.Framework\cocos2d.Framework.csproj", "{CC156337-B4A7-479F-9262-9A708B5E1164}"
EndProject
Project("{FAE04EC0-301F-11D3-BF4B-00C04F79EFBC}") = "cocos2d.Content.Pipeline.Importers", "cocos2d.Content.Pipeline.Importers\cocos2d.Content.Pipeline.Importers.csproj", "{FBE4633D-00D1-4391-8184-63B91DA28D4B}"
EndProject
Global
	GlobalSection(SolutionConfigurationPlatforms) = preSolution
		Debug|Mixed Platforms = Debug|Mixed Platforms
		Debug|Windows Phone = Debug|Windows Phone
		Debug|x86 = Debug|x86
		Release|Mixed Platforms = Release|Mixed Platforms
		Release|Windows Phone = Release|Windows Phone
		Release|x86 = Release|x86
	EndGlobalSection
	GlobalSection(ProjectConfigurationPlatforms) = postSolution
		{2076D138-759C-465F-BC67-5BE580C54216}.Debug|Mixed Platforms.ActiveCfg = Debug|Windows Phone
		{2076D138-759C-465F-BC67-5BE580C54216}.Debug|Mixed Platforms.Build.0 = Debug|Windows Phone
		{2076D138-759C-465F-BC67-5BE580C54216}.Debug|Mixed Platforms.Deploy.0 = Debug|Windows Phone
		{2076D138-759C-465F-BC67-5BE580C54216}.Debug|Windows Phone.ActiveCfg = Debug|Windows Phone
		{2076D138-759C-465F-BC67-5BE580C54216}.Debug|Windows Phone.Build.0 = Debug|Windows Phone
		{2076D138-759C-465F-BC67-5BE580C54216}.Debug|Windows Phone.Deploy.0 = Debug|Windows Phone
		{2076D138-759C-465F-BC67-5BE580C54216}.Debug|x86.ActiveCfg = Debug|Windows Phone
		{2076D138-759C-465F-BC67-5BE580C54216}.Release|Mixed Platforms.ActiveCfg = Release|Windows Phone
		{2076D138-759C-465F-BC67-5BE580C54216}.Release|Mixed Platforms.Build.0 = Release|Windows Phone
		{2076D138-759C-465F-BC67-5BE580C54216}.Release|Mixed Platforms.Deploy.0 = Release|Windows Phone
		{2076D138-759C-465F-BC67-5BE580C54216}.Release|Windows Phone.ActiveCfg = Release|Windows Phone
		{2076D138-759C-465F-BC67-5BE580C54216}.Release|Windows Phone.Build.0 = Release|Windows Phone
		{2076D138-759C-465F-BC67-5BE580C54216}.Release|Windows Phone.Deploy.0 = Release|Windows Phone
		{2076D138-759C-465F-BC67-5BE580C54216}.Release|x86.ActiveCfg = Release|Windows Phone
		{567D3909-77EC-4AE3-93E8-E63CDBE1BC22}.Debug|Mixed Platforms.ActiveCfg = Debug|Windows Phone
		{567D3909-77EC-4AE3-93E8-E63CDBE1BC22}.Debug|Windows Phone.ActiveCfg = Debug|Windows Phone
		{567D3909-77EC-4AE3-93E8-E63CDBE1BC22}.Debug|x86.ActiveCfg = Debug|Windows Phone
		{567D3909-77EC-4AE3-93E8-E63CDBE1BC22}.Release|Mixed Platforms.ActiveCfg = Release|Windows Phone
		{567D3909-77EC-4AE3-93E8-E63CDBE1BC22}.Release|Windows Phone.ActiveCfg = Release|Windows Phone
		{567D3909-77EC-4AE3-93E8-E63CDBE1BC22}.Release|x86.ActiveCfg = Release|Windows Phone
		{47EE6CE6-493D-4967-944A-5E55B71AA9FD}.Debug|Mixed Platforms.ActiveCfg = Debug|Windows Phone
		{47EE6CE6-493D-4967-944A-5E55B71AA9FD}.Debug|Mixed Platforms.Build.0 = Debug|Windows Phone
		{47EE6CE6-493D-4967-944A-5E55B71AA9FD}.Debug|Windows Phone.ActiveCfg = Debug|Windows Phone
		{47EE6CE6-493D-4967-944A-5E55B71AA9FD}.Debug|Windows Phone.Build.0 = Debug|Windows Phone
		{47EE6CE6-493D-4967-944A-5E55B71AA9FD}.Debug|x86.ActiveCfg = Debug|Windows Phone
		{47EE6CE6-493D-4967-944A-5E55B71AA9FD}.Release|Mixed Platforms.ActiveCfg = Release|Windows Phone
		{47EE6CE6-493D-4967-944A-5E55B71AA9FD}.Release|Mixed Platforms.Build.0 = Release|Windows Phone
		{47EE6CE6-493D-4967-944A-5E55B71AA9FD}.Release|Windows Phone.ActiveCfg = Release|Windows Phone
		{47EE6CE6-493D-4967-944A-5E55B71AA9FD}.Release|Windows Phone.Build.0 = Release|Windows Phone
		{47EE6CE6-493D-4967-944A-5E55B71AA9FD}.Release|x86.ActiveCfg = Release|Windows Phone
		{B7642AB5-22DD-4A5F-BF4C-68F8A3BA8525}.Debug|Mixed Platforms.ActiveCfg = Debug|Windows Phone
		{B7642AB5-22DD-4A5F-BF4C-68F8A3BA8525}.Debug|Mixed Platforms.Build.0 = Debug|Windows Phone
		{B7642AB5-22DD-4A5F-BF4C-68F8A3BA8525}.Debug|Mixed Platforms.Deploy.0 = Debug|Windows Phone
		{B7642AB5-22DD-4A5F-BF4C-68F8A3BA8525}.Debug|Windows Phone.ActiveCfg = Debug|Windows Phone
		{B7642AB5-22DD-4A5F-BF4C-68F8A3BA8525}.Debug|Windows Phone.Build.0 = Debug|Windows Phone
		{B7642AB5-22DD-4A5F-BF4C-68F8A3BA8525}.Debug|Windows Phone.Deploy.0 = Debug|Windows Phone
		{B7642AB5-22DD-4A5F-BF4C-68F8A3BA8525}.Debug|x86.ActiveCfg = Debug|Windows Phone
		{B7642AB5-22DD-4A5F-BF4C-68F8A3BA8525}.Release|Mixed Platforms.ActiveCfg = Release|Windows Phone
		{B7642AB5-22DD-4A5F-BF4C-68F8A3BA8525}.Release|Mixed Platforms.Build.0 = Release|Windows Phone
		{B7642AB5-22DD-4A5F-BF4C-68F8A3BA8525}.Release|Mixed Platforms.Deploy.0 = Release|Windows Phone
		{B7642AB5-22DD-4A5F-BF4C-68F8A3BA8525}.Release|Windows Phone.ActiveCfg = Release|Windows Phone
		{B7642AB5-22DD-4A5F-BF4C-68F8A3BA8525}.Release|Windows Phone.Build.0 = Release|Windows Phone
		{B7642AB5-22DD-4A5F-BF4C-68F8A3BA8525}.Release|Windows Phone.Deploy.0 = Release|Windows Phone
		{B7642AB5-22DD-4A5F-BF4C-68F8A3BA8525}.Release|x86.ActiveCfg = Release|Windows Phone
		{2CE0B38F-5C9C-4088-8FEC-D3B58EE48E35}.Debug|Mixed Platforms.ActiveCfg = Debug|Windows Phone
		{2CE0B38F-5C9C-4088-8FEC-D3B58EE48E35}.Debug|Windows Phone.ActiveCfg = Debug|Windows Phone
		{2CE0B38F-5C9C-4088-8FEC-D3B58EE48E35}.Debug|x86.ActiveCfg = Debug|Windows Phone
		{2CE0B38F-5C9C-4088-8FEC-D3B58EE48E35}.Release|Mixed Platforms.ActiveCfg = Release|Windows Phone
		{2CE0B38F-5C9C-4088-8FEC-D3B58EE48E35}.Release|Windows Phone.ActiveCfg = Release|Windows Phone
		{2CE0B38F-5C9C-4088-8FEC-D3B58EE48E35}.Release|x86.ActiveCfg = Release|Windows Phone
		{F028609A-7A53-4F01-8939-5B823285EC10}.Debug|Mixed Platforms.ActiveCfg = Debug|Windows Phone
		{F028609A-7A53-4F01-8939-5B823285EC10}.Debug|Mixed Platforms.Build.0 = Debug|Windows Phone
		{F028609A-7A53-4F01-8939-5B823285EC10}.Debug|Windows Phone.ActiveCfg = Debug|Windows Phone
		{F028609A-7A53-4F01-8939-5B823285EC10}.Debug|Windows Phone.Build.0 = Debug|Windows Phone
		{F028609A-7A53-4F01-8939-5B823285EC10}.Debug|x86.ActiveCfg = Debug|Windows Phone
		{F028609A-7A53-4F01-8939-5B823285EC10}.Release|Mixed Platforms.ActiveCfg = Release|Windows Phone
		{F028609A-7A53-4F01-8939-5B823285EC10}.Release|Mixed Platforms.Build.0 = Release|Windows Phone
		{F028609A-7A53-4F01-8939-5B823285EC10}.Release|Windows Phone.ActiveCfg = Release|Windows Phone
		{F028609A-7A53-4F01-8939-5B823285EC10}.Release|Windows Phone.Build.0 = Release|Windows Phone
		{F028609A-7A53-4F01-8939-5B823285EC10}.Release|x86.ActiveCfg = Release|Windows Phone
		{CC156337-B4A7-479F-9262-9A708B5E1164}.Debug|Mixed Platforms.ActiveCfg = Debug|Windows Phone
		{CC156337-B4A7-479F-9262-9A708B5E1164}.Debug|Mixed Platforms.Build.0 = Debug|Windows Phone
		{CC156337-B4A7-479F-9262-9A708B5E1164}.Debug|Windows Phone.ActiveCfg = Debug|Windows Phone
		{CC156337-B4A7-479F-9262-9A708B5E1164}.Debug|Windows Phone.Build.0 = Debug|Windows Phone
		{CC156337-B4A7-479F-9262-9A708B5E1164}.Debug|x86.ActiveCfg = Debug|Windows Phone
		{CC156337-B4A7-479F-9262-9A708B5E1164}.Release|Mixed Platforms.ActiveCfg = Release|Windows Phone
		{CC156337-B4A7-479F-9262-9A708B5E1164}.Release|Mixed Platforms.Build.0 = Release|Windows Phone
		{CC156337-B4A7-479F-9262-9A708B5E1164}.Release|Windows Phone.ActiveCfg = Release|Windows Phone
		{CC156337-B4A7-479F-9262-9A708B5E1164}.Release|Windows Phone.Build.0 = Release|Windows Phone
		{CC156337-B4A7-479F-9262-9A708B5E1164}.Release|x86.ActiveCfg = Release|Windows Phone
		{FBE4633D-00D1-4391-8184-63B91DA28D4B}.Debug|Mixed Platforms.ActiveCfg = Debug|x86
		{FBE4633D-00D1-4391-8184-63B91DA28D4B}.Debug|Mixed Platforms.Build.0 = Debug|x86
		{FBE4633D-00D1-4391-8184-63B91DA28D4B}.Debug|Windows Phone.ActiveCfg = Debug|x86
		{FBE4633D-00D1-4391-8184-63B91DA28D4B}.Debug|Windows Phone.Build.0 = Debug|x86
		{FBE4633D-00D1-4391-8184-63B91DA28D4B}.Debug|x86.ActiveCfg = Debug|x86
		{FBE4633D-00D1-4391-8184-63B91DA28D4B}.Debug|x86.Build.0 = Debug|x86
		{FBE4633D-00D1-4391-8184-63B91DA28D4B}.Release|Mixed Platforms.ActiveCfg = Release|x86
		{FBE4633D-00D1-4391-8184-63B91DA28D4B}.Release|Mixed Platforms.Build.0 = Release|x86
		{FBE4633D-00D1-4391-8184-63B91DA28D4B}.Release|Windows Phone.ActiveCfg = Release|x86
		{FBE4633D-00D1-4391-8184-63B91DA28D4B}.Release|Windows Phone.Build.0 = Release|x86
		{FBE4633D-00D1-4391-8184-63B91DA28D4B}.Release|x86.ActiveCfg = Release|x86
		{FBE4633D-00D1-4391-8184-63B91DA28D4B}.Release|x86.Build.0 = Release|x86
	EndGlobalSection
	GlobalSection(SolutionProperties) = preSolution
		HideSolutionNode = FALSE
	EndGlobalSection
EndGlobal
